// !$*UTF8*$!
{
	archiveVersion = 1;
	classes = {
	};
	objectVersion = 51;
	objects = {

/* Begin PBXBuildFile section */
		6A2435E22507F7E3003A3269 /* PasswordConditionLabel.swift in Sources */ = {isa = PBXBuildFile; fileRef = 6A2435E12507F7E3003A3269 /* PasswordConditionLabel.swift */; };
		6A2435EF2508D42C003A3269 /* SignInPasswordTextField.swift in Sources */ = {isa = PBXBuildFile; fileRef = 6A2435EE2508D42C003A3269 /* SignInPasswordTextField.swift */; };
		6A2435F12508D43A003A3269 /* SignUpPasswordTextField.swift in Sources */ = {isa = PBXBuildFile; fileRef = 6A2435F02508D43A003A3269 /* SignUpPasswordTextField.swift */; };
		6A2435F32508D450003A3269 /* CheckPasswordTextField.swift in Sources */ = {isa = PBXBuildFile; fileRef = 6A2435F22508D450003A3269 /* CheckPasswordTextField.swift */; };
		6A675D6325021C49005F2DBA /* SignUpViewController.swift in Sources */ = {isa = PBXBuildFile; fileRef = 6A675D6225021C49005F2DBA /* SignUpViewController.swift */; };
		6A675D6725021D1B005F2DBA /* SignInViewController.swift in Sources */ = {isa = PBXBuildFile; fileRef = 6A675D6625021D1B005F2DBA /* SignInViewController.swift */; };
		6A68DA4224E9753F0075CA73 /* UIViewExtension.swift in Sources */ = {isa = PBXBuildFile; fileRef = 6A68DA4124E9753F0075CA73 /* UIViewExtension.swift */; };
		6A68DA4624E97A270075CA73 /* GehaSaJangLoginBackgroundVideo.mp4 in Resources */ = {isa = PBXBuildFile; fileRef = 6A68DA4524E97A270075CA73 /* GehaSaJangLoginBackgroundVideo.mp4 */; };
		6A68DA5324E994320075CA73 /* S-CoreDream-5Medium.otf in Resources */ = {isa = PBXBuildFile; fileRef = 6A68DA4A24E994310075CA73 /* S-CoreDream-5Medium.otf */; };
		6A68DA5424E994320075CA73 /* S-CoreDream-1Thin.otf in Resources */ = {isa = PBXBuildFile; fileRef = 6A68DA4B24E994310075CA73 /* S-CoreDream-1Thin.otf */; };
		6A68DA5524E994320075CA73 /* S-CoreDream-6Bold.otf in Resources */ = {isa = PBXBuildFile; fileRef = 6A68DA4C24E994310075CA73 /* S-CoreDream-6Bold.otf */; };
		6A68DA5624E994320075CA73 /* S-CoreDream-4Regular.otf in Resources */ = {isa = PBXBuildFile; fileRef = 6A68DA4D24E994310075CA73 /* S-CoreDream-4Regular.otf */; };
		6A68DA5724E994320075CA73 /* S-CoreDream-7ExtraBold.otf in Resources */ = {isa = PBXBuildFile; fileRef = 6A68DA4E24E994310075CA73 /* S-CoreDream-7ExtraBold.otf */; };
		6A68DA5824E994320075CA73 /* S-CoreDream-2ExtraLight.otf in Resources */ = {isa = PBXBuildFile; fileRef = 6A68DA4F24E994310075CA73 /* S-CoreDream-2ExtraLight.otf */; };
		6A68DA5924E994320075CA73 /* S-CoreDream-8Heavy.otf in Resources */ = {isa = PBXBuildFile; fileRef = 6A68DA5024E994310075CA73 /* S-CoreDream-8Heavy.otf */; };
		6A68DA5A24E994320075CA73 /* S-CoreDream-3Light.otf in Resources */ = {isa = PBXBuildFile; fileRef = 6A68DA5124E994310075CA73 /* S-CoreDream-3Light.otf */; };
		6A68DA5B24E994320075CA73 /* S-CoreDream-9Black.otf in Resources */ = {isa = PBXBuildFile; fileRef = 6A68DA5224E994320075CA73 /* S-CoreDream-9Black.otf */; };
		6A6E19BF24F82A69007C582D /* TermsViewController.swift in Sources */ = {isa = PBXBuildFile; fileRef = 6A6E19BE24F82A69007C582D /* TermsViewController.swift */; };
		6A6E19C524F8F16E007C582D /* EmailTextField.swift in Sources */ = {isa = PBXBuildFile; fileRef = 6A6E19C424F8F16E007C582D /* EmailTextField.swift */; };
		6A6E19C724F8F17E007C582D /* EmailConditionLabel.swift in Sources */ = {isa = PBXBuildFile; fileRef = 6A6E19C624F8F17E007C582D /* EmailConditionLabel.swift */; };
		6A6E19C924F918C0007C582D /* ConditionChecker.swift in Sources */ = {isa = PBXBuildFile; fileRef = 6A6E19C824F918C0007C582D /* ConditionChecker.swift */; };
		6A79D6C1250B836A00F31BD7 /* NicknameTextField.swift in Sources */ = {isa = PBXBuildFile; fileRef = 6A79D6C0250B836A00F31BD7 /* NicknameTextField.swift */; };
		6A79D6C3250B87DB00F31BD7 /* CheckPasswordTextFieldDelegate.swift in Sources */ = {isa = PBXBuildFile; fileRef = 6A79D6C2250B87DB00F31BD7 /* CheckPasswordTextFieldDelegate.swift */; };
		6A79D6C5250B89AC00F31BD7 /* NicknameTextFieldDelegate.swift in Sources */ = {isa = PBXBuildFile; fileRef = 6A79D6C4250B89AC00F31BD7 /* NicknameTextFieldDelegate.swift */; };
		6A7E9286250228B7009F184C /* EmailTextFieldDelegate.swift in Sources */ = {isa = PBXBuildFile; fileRef = 6A7E9285250228B7009F184C /* EmailTextFieldDelegate.swift */; };
		6A7E928825022AA4009F184C /* InputUserData.swift in Sources */ = {isa = PBXBuildFile; fileRef = 6A7E928725022AA4009F184C /* InputUserData.swift */; };
		6A7E928A25022CEA009F184C /* TextFieldState.swift in Sources */ = {isa = PBXBuildFile; fileRef = 6A7E928925022CEA009F184C /* TextFieldState.swift */; };
		6A7E928F25023E35009F184C /* NSNotificationNameExtension.swift in Sources */ = {isa = PBXBuildFile; fileRef = 6A7E928E25023E35009F184C /* NSNotificationNameExtension.swift */; };
		6A7E929225024418009F184C /* CGColorExtention.swift in Sources */ = {isa = PBXBuildFile; fileRef = 6A7E929125024418009F184C /* CGColorExtention.swift */; };
		6A83517824DBBF0700DB1615 /* AppDelegate.swift in Sources */ = {isa = PBXBuildFile; fileRef = 6A83517724DBBF0700DB1615 /* AppDelegate.swift */; };
		6A83517A24DBBF0700DB1615 /* SceneDelegate.swift in Sources */ = {isa = PBXBuildFile; fileRef = 6A83517924DBBF0700DB1615 /* SceneDelegate.swift */; };
		6A83517C24DBBF0700DB1615 /* LoginViewController.swift in Sources */ = {isa = PBXBuildFile; fileRef = 6A83517B24DBBF0700DB1615 /* LoginViewController.swift */; };
		6A83517F24DBBF0700DB1615 /* Main.storyboard in Resources */ = {isa = PBXBuildFile; fileRef = 6A83517D24DBBF0700DB1615 /* Main.storyboard */; };
		6A83518224DBBF0700DB1615 /* GehaSajang.xcdatamodeld in Sources */ = {isa = PBXBuildFile; fileRef = 6A83518024DBBF0700DB1615 /* GehaSajang.xcdatamodeld */; };
		6A83518424DBBF0800DB1615 /* Assets.xcassets in Resources */ = {isa = PBXBuildFile; fileRef = 6A83518324DBBF0800DB1615 /* Assets.xcassets */; };
		6A83518724DBBF0800DB1615 /* LaunchScreen.storyboard in Resources */ = {isa = PBXBuildFile; fileRef = 6A83518524DBBF0800DB1615 /* LaunchScreen.storyboard */; };
		6A83519224DBBF0800DB1615 /* GehaSajangTests.swift in Sources */ = {isa = PBXBuildFile; fileRef = 6A83519124DBBF0800DB1615 /* GehaSajangTests.swift */; };
		6A83D51A250380060069D900 /* UserInfoKey.swift in Sources */ = {isa = PBXBuildFile; fileRef = 6A83D519250380060069D900 /* UserInfoKey.swift */; };
		6A83D51C250381840069D900 /* TextFieldFactoryByState.swift in Sources */ = {isa = PBXBuildFile; fileRef = 6A83D51B250381840069D900 /* TextFieldFactoryByState.swift */; };
		6AB0EC23250F561A002F92E4 /* SignInInputUserData.swift in Sources */ = {isa = PBXBuildFile; fileRef = 6AB0EC22250F561A002F92E4 /* SignInInputUserData.swift */; };
		6AB0EC25250F5782002F92E4 /* SignInEmailConditionLabel.swift in Sources */ = {isa = PBXBuildFile; fileRef = 6AB0EC24250F5782002F92E4 /* SignInEmailConditionLabel.swift */; };
		6AB0EC27250F57FA002F92E4 /* SignInPasswordConditionLabel.swift in Sources */ = {isa = PBXBuildFile; fileRef = 6AB0EC26250F57FA002F92E4 /* SignInPasswordConditionLabel.swift */; };
		6AB182CE250A4B0C001DDA61 /* PasswordTextFieldDelegate.swift in Sources */ = {isa = PBXBuildFile; fileRef = 6AB182CD250A4B0C001DDA61 /* PasswordTextFieldDelegate.swift */; };
		6AD051782510778800E08BC2 /* SignInEmailTextField.swift in Sources */ = {isa = PBXBuildFile; fileRef = 6AD051772510778800E08BC2 /* SignInEmailTextField.swift */; };
		6AD0517B251078C600E08BC2 /* SignInEmailTextFieldDelegate.swift in Sources */ = {isa = PBXBuildFile; fileRef = 6AD0517A251078C600E08BC2 /* SignInEmailTextFieldDelegate.swift */; };
		6AD0517D251078DC00E08BC2 /* SignInPasswordTextFieldDelegate.swift in Sources */ = {isa = PBXBuildFile; fileRef = 6AD0517C251078DC00E08BC2 /* SignInPasswordTextFieldDelegate.swift */; };
		6AD0CF5324E943780061A2B2 /* Resource.swift in Sources */ = {isa = PBXBuildFile; fileRef = 6AD0CF5224E943780061A2B2 /* Resource.swift */; };
		A2405D36D0058A5000ED1E46 /* Pods_GehaSajang.framework in Frameworks */ = {isa = PBXBuildFile; fileRef = 1FCBEB0737744C201E625972 /* Pods_GehaSajang.framework */; };
/* End PBXBuildFile section */

/* Begin PBXContainerItemProxy section */
		6A83518E24DBBF0800DB1615 /* PBXContainerItemProxy */ = {
			isa = PBXContainerItemProxy;
			containerPortal = 6A83516C24DBBF0700DB1615 /* Project object */;
			proxyType = 1;
			remoteGlobalIDString = 6A83517324DBBF0700DB1615;
			remoteInfo = GehaSajang;
		};
/* End PBXContainerItemProxy section */

/* Begin PBXFileReference section */
		1FCBEB0737744C201E625972 /* Pods_GehaSajang.framework */ = {isa = PBXFileReference; explicitFileType = wrapper.framework; includeInIndex = 0; path = Pods_GehaSajang.framework; sourceTree = BUILT_PRODUCTS_DIR; };
		271B9EFF7F5FE5CCC64C3926 /* Pods-GehaSajang.debug.xcconfig */ = {isa = PBXFileReference; includeInIndex = 1; lastKnownFileType = text.xcconfig; name = "Pods-GehaSajang.debug.xcconfig"; path = "Target Support Files/Pods-GehaSajang/Pods-GehaSajang.debug.xcconfig"; sourceTree = "<group>"; };
		4BDEF0D2A2150747D92D88AC /* Pods-GehaSajang.release.xcconfig */ = {isa = PBXFileReference; includeInIndex = 1; lastKnownFileType = text.xcconfig; name = "Pods-GehaSajang.release.xcconfig"; path = "Target Support Files/Pods-GehaSajang/Pods-GehaSajang.release.xcconfig"; sourceTree = "<group>"; };
		6A2435E12507F7E3003A3269 /* PasswordConditionLabel.swift */ = {isa = PBXFileReference; lastKnownFileType = sourcecode.swift; path = PasswordConditionLabel.swift; sourceTree = "<group>"; };
		6A2435EE2508D42C003A3269 /* SignInPasswordTextField.swift */ = {isa = PBXFileReference; lastKnownFileType = sourcecode.swift; path = SignInPasswordTextField.swift; sourceTree = "<group>"; };
		6A2435F02508D43A003A3269 /* SignUpPasswordTextField.swift */ = {isa = PBXFileReference; lastKnownFileType = sourcecode.swift; path = SignUpPasswordTextField.swift; sourceTree = "<group>"; };
		6A2435F22508D450003A3269 /* CheckPasswordTextField.swift */ = {isa = PBXFileReference; lastKnownFileType = sourcecode.swift; path = CheckPasswordTextField.swift; sourceTree = "<group>"; };
		6A675D6225021C49005F2DBA /* SignUpViewController.swift */ = {isa = PBXFileReference; lastKnownFileType = sourcecode.swift; path = SignUpViewController.swift; sourceTree = "<group>"; };
		6A675D6625021D1B005F2DBA /* SignInViewController.swift */ = {isa = PBXFileReference; lastKnownFileType = sourcecode.swift; path = SignInViewController.swift; sourceTree = "<group>"; };
		6A68DA4124E9753F0075CA73 /* UIViewExtension.swift */ = {isa = PBXFileReference; lastKnownFileType = sourcecode.swift; path = UIViewExtension.swift; sourceTree = "<group>"; };
		6A68DA4524E97A270075CA73 /* GehaSaJangLoginBackgroundVideo.mp4 */ = {isa = PBXFileReference; lastKnownFileType = file; path = GehaSaJangLoginBackgroundVideo.mp4; sourceTree = "<group>"; };
		6A68DA4A24E994310075CA73 /* S-CoreDream-5Medium.otf */ = {isa = PBXFileReference; lastKnownFileType = file; path = "S-CoreDream-5Medium.otf"; sourceTree = "<group>"; };
		6A68DA4B24E994310075CA73 /* S-CoreDream-1Thin.otf */ = {isa = PBXFileReference; lastKnownFileType = file; path = "S-CoreDream-1Thin.otf"; sourceTree = "<group>"; };
		6A68DA4C24E994310075CA73 /* S-CoreDream-6Bold.otf */ = {isa = PBXFileReference; lastKnownFileType = file; path = "S-CoreDream-6Bold.otf"; sourceTree = "<group>"; };
		6A68DA4D24E994310075CA73 /* S-CoreDream-4Regular.otf */ = {isa = PBXFileReference; lastKnownFileType = file; path = "S-CoreDream-4Regular.otf"; sourceTree = "<group>"; };
		6A68DA4E24E994310075CA73 /* S-CoreDream-7ExtraBold.otf */ = {isa = PBXFileReference; lastKnownFileType = file; path = "S-CoreDream-7ExtraBold.otf"; sourceTree = "<group>"; };
		6A68DA4F24E994310075CA73 /* S-CoreDream-2ExtraLight.otf */ = {isa = PBXFileReference; lastKnownFileType = file; path = "S-CoreDream-2ExtraLight.otf"; sourceTree = "<group>"; };
		6A68DA5024E994310075CA73 /* S-CoreDream-8Heavy.otf */ = {isa = PBXFileReference; lastKnownFileType = file; path = "S-CoreDream-8Heavy.otf"; sourceTree = "<group>"; };
		6A68DA5124E994310075CA73 /* S-CoreDream-3Light.otf */ = {isa = PBXFileReference; lastKnownFileType = file; path = "S-CoreDream-3Light.otf"; sourceTree = "<group>"; };
		6A68DA5224E994320075CA73 /* S-CoreDream-9Black.otf */ = {isa = PBXFileReference; lastKnownFileType = file; path = "S-CoreDream-9Black.otf"; sourceTree = "<group>"; };
		6A6E19BE24F82A69007C582D /* TermsViewController.swift */ = {isa = PBXFileReference; lastKnownFileType = sourcecode.swift; path = TermsViewController.swift; sourceTree = "<group>"; };
		6A6E19C424F8F16E007C582D /* EmailTextField.swift */ = {isa = PBXFileReference; lastKnownFileType = sourcecode.swift; path = EmailTextField.swift; sourceTree = "<group>"; };
		6A6E19C624F8F17E007C582D /* EmailConditionLabel.swift */ = {isa = PBXFileReference; lastKnownFileType = sourcecode.swift; path = EmailConditionLabel.swift; sourceTree = "<group>"; };
		6A6E19C824F918C0007C582D /* ConditionChecker.swift */ = {isa = PBXFileReference; lastKnownFileType = sourcecode.swift; path = ConditionChecker.swift; sourceTree = "<group>"; };
		6A79D6C0250B836A00F31BD7 /* NicknameTextField.swift */ = {isa = PBXFileReference; lastKnownFileType = sourcecode.swift; path = NicknameTextField.swift; sourceTree = "<group>"; };
		6A79D6C2250B87DB00F31BD7 /* CheckPasswordTextFieldDelegate.swift */ = {isa = PBXFileReference; lastKnownFileType = sourcecode.swift; path = CheckPasswordTextFieldDelegate.swift; sourceTree = "<group>"; };
		6A79D6C4250B89AC00F31BD7 /* NicknameTextFieldDelegate.swift */ = {isa = PBXFileReference; lastKnownFileType = sourcecode.swift; path = NicknameTextFieldDelegate.swift; sourceTree = "<group>"; };
		6A7E9285250228B7009F184C /* EmailTextFieldDelegate.swift */ = {isa = PBXFileReference; lastKnownFileType = sourcecode.swift; path = EmailTextFieldDelegate.swift; sourceTree = "<group>"; };
		6A7E928725022AA4009F184C /* InputUserData.swift */ = {isa = PBXFileReference; lastKnownFileType = sourcecode.swift; path = InputUserData.swift; sourceTree = "<group>"; };
		6A7E928925022CEA009F184C /* TextFieldState.swift */ = {isa = PBXFileReference; lastKnownFileType = sourcecode.swift; path = TextFieldState.swift; sourceTree = "<group>"; };
		6A7E928E25023E35009F184C /* NSNotificationNameExtension.swift */ = {isa = PBXFileReference; lastKnownFileType = sourcecode.swift; path = NSNotificationNameExtension.swift; sourceTree = "<group>"; };
		6A7E929125024418009F184C /* CGColorExtention.swift */ = {isa = PBXFileReference; lastKnownFileType = sourcecode.swift; path = CGColorExtention.swift; sourceTree = "<group>"; };
		6A83517424DBBF0700DB1615 /* GehaSajang.app */ = {isa = PBXFileReference; explicitFileType = wrapper.application; includeInIndex = 0; path = GehaSajang.app; sourceTree = BUILT_PRODUCTS_DIR; };
		6A83517724DBBF0700DB1615 /* AppDelegate.swift */ = {isa = PBXFileReference; lastKnownFileType = sourcecode.swift; path = AppDelegate.swift; sourceTree = "<group>"; };
		6A83517924DBBF0700DB1615 /* SceneDelegate.swift */ = {isa = PBXFileReference; lastKnownFileType = sourcecode.swift; path = SceneDelegate.swift; sourceTree = "<group>"; };
		6A83517B24DBBF0700DB1615 /* LoginViewController.swift */ = {isa = PBXFileReference; lastKnownFileType = sourcecode.swift; path = LoginViewController.swift; sourceTree = "<group>"; };
		6A83517E24DBBF0700DB1615 /* Base */ = {isa = PBXFileReference; lastKnownFileType = file.storyboard; name = Base; path = Base.lproj/Main.storyboard; sourceTree = "<group>"; };
		6A83518124DBBF0700DB1615 /* GehaSajang.xcdatamodel */ = {isa = PBXFileReference; lastKnownFileType = wrapper.xcdatamodel; path = GehaSajang.xcdatamodel; sourceTree = "<group>"; };
		6A83518324DBBF0800DB1615 /* Assets.xcassets */ = {isa = PBXFileReference; lastKnownFileType = folder.assetcatalog; path = Assets.xcassets; sourceTree = "<group>"; };
		6A83518624DBBF0800DB1615 /* Base */ = {isa = PBXFileReference; lastKnownFileType = file.storyboard; name = Base; path = Base.lproj/LaunchScreen.storyboard; sourceTree = "<group>"; };
		6A83518824DBBF0800DB1615 /* Info.plist */ = {isa = PBXFileReference; lastKnownFileType = text.plist.xml; path = Info.plist; sourceTree = "<group>"; };
		6A83518D24DBBF0800DB1615 /* GehaSajangTests.xctest */ = {isa = PBXFileReference; explicitFileType = wrapper.cfbundle; includeInIndex = 0; path = GehaSajangTests.xctest; sourceTree = BUILT_PRODUCTS_DIR; };
		6A83519124DBBF0800DB1615 /* GehaSajangTests.swift */ = {isa = PBXFileReference; lastKnownFileType = sourcecode.swift; path = GehaSajangTests.swift; sourceTree = "<group>"; };
		6A83519324DBBF0800DB1615 /* Info.plist */ = {isa = PBXFileReference; lastKnownFileType = text.plist.xml; path = Info.plist; sourceTree = "<group>"; };
		6A83D519250380060069D900 /* UserInfoKey.swift */ = {isa = PBXFileReference; lastKnownFileType = sourcecode.swift; path = UserInfoKey.swift; sourceTree = "<group>"; };
		6A83D51B250381840069D900 /* TextFieldFactoryByState.swift */ = {isa = PBXFileReference; lastKnownFileType = sourcecode.swift; path = TextFieldFactoryByState.swift; sourceTree = "<group>"; };
		6AB0EC22250F561A002F92E4 /* SignInInputUserData.swift */ = {isa = PBXFileReference; lastKnownFileType = sourcecode.swift; path = SignInInputUserData.swift; sourceTree = "<group>"; };
		6AB0EC24250F5782002F92E4 /* SignInEmailConditionLabel.swift */ = {isa = PBXFileReference; lastKnownFileType = sourcecode.swift; path = SignInEmailConditionLabel.swift; sourceTree = "<group>"; };
		6AB0EC26250F57FA002F92E4 /* SignInPasswordConditionLabel.swift */ = {isa = PBXFileReference; lastKnownFileType = sourcecode.swift; path = SignInPasswordConditionLabel.swift; sourceTree = "<group>"; };
		6AB182CD250A4B0C001DDA61 /* PasswordTextFieldDelegate.swift */ = {isa = PBXFileReference; lastKnownFileType = sourcecode.swift; path = PasswordTextFieldDelegate.swift; sourceTree = "<group>"; };
		6AD051772510778800E08BC2 /* SignInEmailTextField.swift */ = {isa = PBXFileReference; lastKnownFileType = sourcecode.swift; path = SignInEmailTextField.swift; sourceTree = "<group>"; };
		6AD0517A251078C600E08BC2 /* SignInEmailTextFieldDelegate.swift */ = {isa = PBXFileReference; lastKnownFileType = sourcecode.swift; path = SignInEmailTextFieldDelegate.swift; sourceTree = "<group>"; };
		6AD0517C251078DC00E08BC2 /* SignInPasswordTextFieldDelegate.swift */ = {isa = PBXFileReference; lastKnownFileType = sourcecode.swift; path = SignInPasswordTextFieldDelegate.swift; sourceTree = "<group>"; };
		6AD0CF5224E943780061A2B2 /* Resource.swift */ = {isa = PBXFileReference; lastKnownFileType = sourcecode.swift; path = Resource.swift; sourceTree = "<group>"; };
/* End PBXFileReference section */

/* Begin PBXFrameworksBuildPhase section */
		6A83517124DBBF0700DB1615 /* Frameworks */ = {
			isa = PBXFrameworksBuildPhase;
			buildActionMask = 2147483647;
			files = (
				A2405D36D0058A5000ED1E46 /* Pods_GehaSajang.framework in Frameworks */,
			);
			runOnlyForDeploymentPostprocessing = 0;
		};
		6A83518A24DBBF0800DB1615 /* Frameworks */ = {
			isa = PBXFrameworksBuildPhase;
			buildActionMask = 2147483647;
			files = (
			);
			runOnlyForDeploymentPostprocessing = 0;
		};
/* End PBXFrameworksBuildPhase section */

/* Begin PBXGroup section */
		687E401C65DC13B8CA3C83E7 /* Pods */ = {
			isa = PBXGroup;
			children = (
				271B9EFF7F5FE5CCC64C3926 /* Pods-GehaSajang.debug.xcconfig */,
				4BDEF0D2A2150747D92D88AC /* Pods-GehaSajang.release.xcconfig */,
			);
			path = Pods;
			sourceTree = "<group>";
		};
		6A2435E32507F7EC003A3269 /* Controller */ = {
			isa = PBXGroup;
			children = (
				6A6E19BE24F82A69007C582D /* TermsViewController.swift */,
				6A675D6225021C49005F2DBA /* SignUpViewController.swift */,
			);
			path = Controller;
			sourceTree = "<group>";
		};
		6A2435E42507F7FF003A3269 /* ConditionLabel */ = {
			isa = PBXGroup;
			children = (
				6A6E19C624F8F17E007C582D /* EmailConditionLabel.swift */,
				6A2435E12507F7E3003A3269 /* PasswordConditionLabel.swift */,
			);
			path = ConditionLabel;
			sourceTree = "<group>";
		};
		6A2435E52507F81C003A3269 /* TextField */ = {
			isa = PBXGroup;
			children = (
				6A6E19C424F8F16E007C582D /* EmailTextField.swift */,
				6A2435F02508D43A003A3269 /* SignUpPasswordTextField.swift */,
				6A2435F22508D450003A3269 /* CheckPasswordTextField.swift */,
				6A79D6C0250B836A00F31BD7 /* NicknameTextField.swift */,
			);
			path = TextField;
			sourceTree = "<group>";
		};
		6A2435E62507F82F003A3269 /* Delegate */ = {
			isa = PBXGroup;
			children = (
				6A7E9285250228B7009F184C /* EmailTextFieldDelegate.swift */,
				6AB182CD250A4B0C001DDA61 /* PasswordTextFieldDelegate.swift */,
				6A79D6C2250B87DB00F31BD7 /* CheckPasswordTextFieldDelegate.swift */,
				6A79D6C4250B89AC00F31BD7 /* NicknameTextFieldDelegate.swift */,
			);
			path = Delegate;
			sourceTree = "<group>";
		};
		6A2435E72507F844003A3269 /* Manage */ = {
			isa = PBXGroup;
			children = (
				6A7E928725022AA4009F184C /* InputUserData.swift */,
				6A6E19C824F918C0007C582D /* ConditionChecker.swift */,
				6A7E928925022CEA009F184C /* TextFieldState.swift */,
				6A83D51B250381840069D900 /* TextFieldFactoryByState.swift */,
				6A83D519250380060069D900 /* UserInfoKey.swift */,
			);
			path = Manage;
			sourceTree = "<group>";
		};
		6A68DA4024E975200075CA73 /* Extensions */ = {
			isa = PBXGroup;
			children = (
				6A68DA4124E9753F0075CA73 /* UIViewExtension.swift */,
				6A7E928E25023E35009F184C /* NSNotificationNameExtension.swift */,
				6A7E929125024418009F184C /* CGColorExtention.swift */,
			);
			path = Extensions;
			sourceTree = "<group>";
		};
		6A68DA4924E994250075CA73 /* Font */ = {
			isa = PBXGroup;
			children = (
				6A68DA4B24E994310075CA73 /* S-CoreDream-1Thin.otf */,
				6A68DA4F24E994310075CA73 /* S-CoreDream-2ExtraLight.otf */,
				6A68DA5124E994310075CA73 /* S-CoreDream-3Light.otf */,
				6A68DA4D24E994310075CA73 /* S-CoreDream-4Regular.otf */,
				6A68DA4A24E994310075CA73 /* S-CoreDream-5Medium.otf */,
				6A68DA4C24E994310075CA73 /* S-CoreDream-6Bold.otf */,
				6A68DA4E24E994310075CA73 /* S-CoreDream-7ExtraBold.otf */,
				6A68DA5024E994310075CA73 /* S-CoreDream-8Heavy.otf */,
				6A68DA5224E994320075CA73 /* S-CoreDream-9Black.otf */,
			);
			path = Font;
			sourceTree = "<group>";
		};
		6A6E19BD24F82A39007C582D /* SignUp */ = {
			isa = PBXGroup;
			children = (
				6A2435E32507F7EC003A3269 /* Controller */,
				6A2435E72507F844003A3269 /* Manage */,
				6A2435E42507F7FF003A3269 /* ConditionLabel */,
				6A2435E52507F81C003A3269 /* TextField */,
				6A2435E62507F82F003A3269 /* Delegate */,
			);
			path = SignUp;
			sourceTree = "<group>";
		};
		6A83516B24DBBF0700DB1615 = {
			isa = PBXGroup;
			children = (
				6A83517624DBBF0700DB1615 /* GehaSajang */,
				6AD0CF4E24E942B30061A2B2 /* AppComposition */,
				6A83519024DBBF0800DB1615 /* GehaSajangTests */,
				6A83517524DBBF0700DB1615 /* Products */,
				687E401C65DC13B8CA3C83E7 /* Pods */,
				A1F3884389E7FF8C9EA53DFE /* Frameworks */,
			);
			sourceTree = "<group>";
		};
		6A83517524DBBF0700DB1615 /* Products */ = {
			isa = PBXGroup;
			children = (
				6A83517424DBBF0700DB1615 /* GehaSajang.app */,
				6A83518D24DBBF0800DB1615 /* GehaSajangTests.xctest */,
			);
			name = Products;
			sourceTree = "<group>";
		};
		6A83517624DBBF0700DB1615 /* GehaSajang */ = {
			isa = PBXGroup;
			children = (
				6AD0CF4A24E9426E0061A2B2 /* Login */,
				6AB0EC1A250F54B3002F92E4 /* SignIn */,
				6A6E19BD24F82A39007C582D /* SignUp */,
				6A68DA4024E975200075CA73 /* Extensions */,
				6AD0CF5124E943690061A2B2 /* Resource */,
			);
			path = GehaSajang;
			sourceTree = "<group>";
		};
		6A83519024DBBF0800DB1615 /* GehaSajangTests */ = {
			isa = PBXGroup;
			children = (
				6A83519124DBBF0800DB1615 /* GehaSajangTests.swift */,
				6A83519324DBBF0800DB1615 /* Info.plist */,
			);
			path = GehaSajangTests;
			sourceTree = "<group>";
		};
		6AB0EC1A250F54B3002F92E4 /* SignIn */ = {
			isa = PBXGroup;
			children = (
				6AB0EC1B250F556E002F92E4 /* Controller */,
				6AB0EC1C250F5576002F92E4 /* Manage */,
				6AB0EC1D250F5580002F92E4 /* ConditionLabel */,
				6AB0EC1E250F5587002F92E4 /* TextField */,
				6AD05179251078A600E08BC2 /* Delegate */,
			);
			path = SignIn;
			sourceTree = "<group>";
		};
		6AB0EC1B250F556E002F92E4 /* Controller */ = {
			isa = PBXGroup;
			children = (
				6A675D6625021D1B005F2DBA /* SignInViewController.swift */,
			);
			path = Controller;
			sourceTree = "<group>";
		};
		6AB0EC1C250F5576002F92E4 /* Manage */ = {
			isa = PBXGroup;
			children = (
				6AB0EC22250F561A002F92E4 /* SignInInputUserData.swift */,
			);
			path = Manage;
			sourceTree = "<group>";
		};
		6AB0EC1D250F5580002F92E4 /* ConditionLabel */ = {
			isa = PBXGroup;
			children = (
				6AB0EC24250F5782002F92E4 /* SignInEmailConditionLabel.swift */,
				6AB0EC26250F57FA002F92E4 /* SignInPasswordConditionLabel.swift */,
			);
			path = ConditionLabel;
			sourceTree = "<group>";
		};
		6AB0EC1E250F5587002F92E4 /* TextField */ = {
			isa = PBXGroup;
			children = (
				6A2435EE2508D42C003A3269 /* SignInPasswordTextField.swift */,
				6AD051772510778800E08BC2 /* SignInEmailTextField.swift */,
			);
			path = TextField;
			sourceTree = "<group>";
		};
		6AD05179251078A600E08BC2 /* Delegate */ = {
			isa = PBXGroup;
			children = (
				6AD0517A251078C600E08BC2 /* SignInEmailTextFieldDelegate.swift */,
				6AD0517C251078DC00E08BC2 /* SignInPasswordTextFieldDelegate.swift */,
			);
			path = Delegate;
			sourceTree = "<group>";
		};
		6AD0CF4A24E9426E0061A2B2 /* Login */ = {
			isa = PBXGroup;
			children = (
				6A83517B24DBBF0700DB1615 /* LoginViewController.swift */,
			);
			path = Login;
			sourceTree = "<group>";
		};
		6AD0CF4E24E942B30061A2B2 /* AppComposition */ = {
			isa = PBXGroup;
			children = (
				6A83517724DBBF0700DB1615 /* AppDelegate.swift */,
				6A83517924DBBF0700DB1615 /* SceneDelegate.swift */,
				6A83517D24DBBF0700DB1615 /* Main.storyboard */,
				6A83518324DBBF0800DB1615 /* Assets.xcassets */,
				6A83518524DBBF0800DB1615 /* LaunchScreen.storyboard */,
				6A83518824DBBF0800DB1615 /* Info.plist */,
				6A83518024DBBF0700DB1615 /* GehaSajang.xcdatamodeld */,
			);
			path = AppComposition;
			sourceTree = "<group>";
		};
		6AD0CF5124E943690061A2B2 /* Resource */ = {
			isa = PBXGroup;
			children = (
				6A68DA4924E994250075CA73 /* Font */,
				6AD0CF5224E943780061A2B2 /* Resource.swift */,
				6A68DA4524E97A270075CA73 /* GehaSaJangLoginBackgroundVideo.mp4 */,
			);
			path = Resource;
			sourceTree = "<group>";
		};
		A1F3884389E7FF8C9EA53DFE /* Frameworks */ = {
			isa = PBXGroup;
			children = (
				1FCBEB0737744C201E625972 /* Pods_GehaSajang.framework */,
			);
			name = Frameworks;
			sourceTree = "<group>";
		};
/* End PBXGroup section */

/* Begin PBXNativeTarget section */
		6A83517324DBBF0700DB1615 /* GehaSajang */ = {
			isa = PBXNativeTarget;
			buildConfigurationList = 6A83519624DBBF0800DB1615 /* Build configuration list for PBXNativeTarget "GehaSajang" */;
			buildPhases = (
				A777B2F535E94CEB6ABCE4F4 /* [CP] Check Pods Manifest.lock */,
				6A83517024DBBF0700DB1615 /* Sources */,
				6A83517124DBBF0700DB1615 /* Frameworks */,
				6A83517224DBBF0700DB1615 /* Resources */,
				2278CCABF1D6FAF1574DFEBD /* [CP] Embed Pods Frameworks */,
			);
			buildRules = (
			);
			dependencies = (
			);
			name = GehaSajang;
			productName = GehaSajang;
			productReference = 6A83517424DBBF0700DB1615 /* GehaSajang.app */;
			productType = "com.apple.product-type.application";
		};
		6A83518C24DBBF0800DB1615 /* GehaSajangTests */ = {
			isa = PBXNativeTarget;
			buildConfigurationList = 6A83519924DBBF0800DB1615 /* Build configuration list for PBXNativeTarget "GehaSajangTests" */;
			buildPhases = (
				6A83518924DBBF0800DB1615 /* Sources */,
				6A83518A24DBBF0800DB1615 /* Frameworks */,
				6A83518B24DBBF0800DB1615 /* Resources */,
			);
			buildRules = (
			);
			dependencies = (
				6A83518F24DBBF0800DB1615 /* PBXTargetDependency */,
			);
			name = GehaSajangTests;
			productName = GehaSajangTests;
			productReference = 6A83518D24DBBF0800DB1615 /* GehaSajangTests.xctest */;
			productType = "com.apple.product-type.bundle.unit-test";
		};
/* End PBXNativeTarget section */

/* Begin PBXProject section */
		6A83516C24DBBF0700DB1615 /* Project object */ = {
			isa = PBXProject;
			attributes = {
				LastSwiftUpdateCheck = 1160;
				LastUpgradeCheck = 1160;
				ORGANIZATIONNAME = "dev-Lena";
				TargetAttributes = {
					6A83517324DBBF0700DB1615 = {
						CreatedOnToolsVersion = 11.6;
					};
					6A83518C24DBBF0800DB1615 = {
						CreatedOnToolsVersion = 11.6;
						TestTargetID = 6A83517324DBBF0700DB1615;
					};
				};
			};
			buildConfigurationList = 6A83516F24DBBF0700DB1615 /* Build configuration list for PBXProject "GehaSajang" */;
			compatibilityVersion = "Xcode 9.3";
			developmentRegion = en;
			hasScannedForEncodings = 0;
			knownRegions = (
				en,
				Base,
			);
			mainGroup = 6A83516B24DBBF0700DB1615;
			productRefGroup = 6A83517524DBBF0700DB1615 /* Products */;
			projectDirPath = "";
			projectRoot = "";
			targets = (
				6A83517324DBBF0700DB1615 /* GehaSajang */,
				6A83518C24DBBF0800DB1615 /* GehaSajangTests */,
			);
		};
/* End PBXProject section */

/* Begin PBXResourcesBuildPhase section */
		6A83517224DBBF0700DB1615 /* Resources */ = {
			isa = PBXResourcesBuildPhase;
			buildActionMask = 2147483647;
			files = (
				6A68DA5524E994320075CA73 /* S-CoreDream-6Bold.otf in Resources */,
				6A83518724DBBF0800DB1615 /* LaunchScreen.storyboard in Resources */,
				6A68DA5424E994320075CA73 /* S-CoreDream-1Thin.otf in Resources */,
				6A68DA5624E994320075CA73 /* S-CoreDream-4Regular.otf in Resources */,
				6A68DA5A24E994320075CA73 /* S-CoreDream-3Light.otf in Resources */,
				6A68DA5724E994320075CA73 /* S-CoreDream-7ExtraBold.otf in Resources */,
				6A68DA5924E994320075CA73 /* S-CoreDream-8Heavy.otf in Resources */,
				6A83518424DBBF0800DB1615 /* Assets.xcassets in Resources */,
				6A68DA5324E994320075CA73 /* S-CoreDream-5Medium.otf in Resources */,
				6A68DA5824E994320075CA73 /* S-CoreDream-2ExtraLight.otf in Resources */,
				6A68DA5B24E994320075CA73 /* S-CoreDream-9Black.otf in Resources */,
				6A68DA4624E97A270075CA73 /* GehaSaJangLoginBackgroundVideo.mp4 in Resources */,
				6A83517F24DBBF0700DB1615 /* Main.storyboard in Resources */,
			);
			runOnlyForDeploymentPostprocessing = 0;
		};
		6A83518B24DBBF0800DB1615 /* Resources */ = {
			isa = PBXResourcesBuildPhase;
			buildActionMask = 2147483647;
			files = (
			);
			runOnlyForDeploymentPostprocessing = 0;
		};
/* End PBXResourcesBuildPhase section */

/* Begin PBXShellScriptBuildPhase section */
		2278CCABF1D6FAF1574DFEBD /* [CP] Embed Pods Frameworks */ = {
			isa = PBXShellScriptBuildPhase;
			buildActionMask = 2147483647;
			files = (
			);
			inputFileListPaths = (
				"${PODS_ROOT}/Target Support Files/Pods-GehaSajang/Pods-GehaSajang-frameworks-${CONFIGURATION}-input-files.xcfilelist",
			);
			name = "[CP] Embed Pods Frameworks";
			outputFileListPaths = (
				"${PODS_ROOT}/Target Support Files/Pods-GehaSajang/Pods-GehaSajang-frameworks-${CONFIGURATION}-output-files.xcfilelist",
			);
			runOnlyForDeploymentPostprocessing = 0;
			shellPath = /bin/sh;
			shellScript = "\"${PODS_ROOT}/Target Support Files/Pods-GehaSajang/Pods-GehaSajang-frameworks.sh\"\n";
			showEnvVarsInLog = 0;
		};
		A777B2F535E94CEB6ABCE4F4 /* [CP] Check Pods Manifest.lock */ = {
			isa = PBXShellScriptBuildPhase;
			buildActionMask = 2147483647;
			files = (
			);
			inputFileListPaths = (
			);
			inputPaths = (
				"${PODS_PODFILE_DIR_PATH}/Podfile.lock",
				"${PODS_ROOT}/Manifest.lock",
			);
			name = "[CP] Check Pods Manifest.lock";
			outputFileListPaths = (
			);
			outputPaths = (
				"$(DERIVED_FILE_DIR)/Pods-GehaSajang-checkManifestLockResult.txt",
			);
			runOnlyForDeploymentPostprocessing = 0;
			shellPath = /bin/sh;
			shellScript = "diff \"${PODS_PODFILE_DIR_PATH}/Podfile.lock\" \"${PODS_ROOT}/Manifest.lock\" > /dev/null\nif [ $? != 0 ] ; then\n    # print error to STDERR\n    echo \"error: The sandbox is not in sync with the Podfile.lock. Run 'pod install' or update your CocoaPods installation.\" >&2\n    exit 1\nfi\n# This output is used by Xcode 'outputs' to avoid re-running this script phase.\necho \"SUCCESS\" > \"${SCRIPT_OUTPUT_FILE_0}\"\n";
			showEnvVarsInLog = 0;
		};
/* End PBXShellScriptBuildPhase section */

/* Begin PBXSourcesBuildPhase section */
		6A83517024DBBF0700DB1615 /* Sources */ = {
			isa = PBXSourcesBuildPhase;
			buildActionMask = 2147483647;
			files = (
				6A675D6725021D1B005F2DBA /* SignInViewController.swift in Sources */,
				6AB0EC27250F57FA002F92E4 /* SignInPasswordConditionLabel.swift in Sources */,
				6AD051782510778800E08BC2 /* SignInEmailTextField.swift in Sources */,
				6A6E19C924F918C0007C582D /* ConditionChecker.swift in Sources */,
				6A7E928F25023E35009F184C /* NSNotificationNameExtension.swift in Sources */,
				6A7E928A25022CEA009F184C /* TextFieldState.swift in Sources */,
				6AD0517D251078DC00E08BC2 /* SignInPasswordTextFieldDelegate.swift in Sources */,
				6A83D51A250380060069D900 /* UserInfoKey.swift in Sources */,
				6AB0EC25250F5782002F92E4 /* SignInEmailConditionLabel.swift in Sources */,
				6A2435F32508D450003A3269 /* CheckPasswordTextField.swift in Sources */,
				6A79D6C3250B87DB00F31BD7 /* CheckPasswordTextFieldDelegate.swift in Sources */,
				6AD0517B251078C600E08BC2 /* SignInEmailTextFieldDelegate.swift in Sources */,
				6A2435E22507F7E3003A3269 /* PasswordConditionLabel.swift in Sources */,
				6AB0EC23250F561A002F92E4 /* SignInInputUserData.swift in Sources */,
				6A68DA4224E9753F0075CA73 /* UIViewExtension.swift in Sources */,
				6A2435EF2508D42C003A3269 /* SignInPasswordTextField.swift in Sources */,
				6A7E929225024418009F184C /* CGColorExtention.swift in Sources */,
				6A6E19C724F8F17E007C582D /* EmailConditionLabel.swift in Sources */,
				6A83D51C250381840069D900 /* TextFieldFactoryByState.swift in Sources */,
				6A7E9286250228B7009F184C /* EmailTextFieldDelegate.swift in Sources */,
				6A83518224DBBF0700DB1615 /* GehaSajang.xcdatamodeld in Sources */,
				6A83517C24DBBF0700DB1615 /* LoginViewController.swift in Sources */,
				6A79D6C1250B836A00F31BD7 /* NicknameTextField.swift in Sources */,
				6A83517824DBBF0700DB1615 /* AppDelegate.swift in Sources */,
				6AD0CF5324E943780061A2B2 /* Resource.swift in Sources */,
				6A79D6C5250B89AC00F31BD7 /* NicknameTextFieldDelegate.swift in Sources */,
				6A6E19C524F8F16E007C582D /* EmailTextField.swift in Sources */,
				6A2435F12508D43A003A3269 /* SignUpPasswordTextField.swift in Sources */,
				6A6E19BF24F82A69007C582D /* TermsViewController.swift in Sources */,
				6A7E928825022AA4009F184C /* InputUserData.swift in Sources */,
				6A675D6325021C49005F2DBA /* SignUpViewController.swift in Sources */,
				6A83517A24DBBF0700DB1615 /* SceneDelegate.swift in Sources */,
				6AB182CE250A4B0C001DDA61 /* PasswordTextFieldDelegate.swift in Sources */,
			);
			runOnlyForDeploymentPostprocessing = 0;
		};
		6A83518924DBBF0800DB1615 /* Sources */ = {
			isa = PBXSourcesBuildPhase;
			buildActionMask = 2147483647;
			files = (
				6A83519224DBBF0800DB1615 /* GehaSajangTests.swift in Sources */,
			);
			runOnlyForDeploymentPostprocessing = 0;
		};
/* End PBXSourcesBuildPhase section */

/* Begin PBXTargetDependency section */
		6A83518F24DBBF0800DB1615 /* PBXTargetDependency */ = {
			isa = PBXTargetDependency;
			target = 6A83517324DBBF0700DB1615 /* GehaSajang */;
			targetProxy = 6A83518E24DBBF0800DB1615 /* PBXContainerItemProxy */;
		};
/* End PBXTargetDependency section */

/* Begin PBXVariantGroup section */
		6A83517D24DBBF0700DB1615 /* Main.storyboard */ = {
			isa = PBXVariantGroup;
			children = (
				6A83517E24DBBF0700DB1615 /* Base */,
			);
			name = Main.storyboard;
			sourceTree = "<group>";
		};
		6A83518524DBBF0800DB1615 /* LaunchScreen.storyboard */ = {
			isa = PBXVariantGroup;
			children = (
				6A83518624DBBF0800DB1615 /* Base */,
			);
			name = LaunchScreen.storyboard;
			sourceTree = "<group>";
		};
/* End PBXVariantGroup section */

/* Begin XCBuildConfiguration section */
		6A83519424DBBF0800DB1615 /* Debug */ = {
			isa = XCBuildConfiguration;
			buildSettings = {
				ALWAYS_SEARCH_USER_PATHS = NO;
				CLANG_ANALYZER_NONNULL = YES;
				CLANG_ANALYZER_NUMBER_OBJECT_CONVERSION = YES_AGGRESSIVE;
				CLANG_CXX_LANGUAGE_STANDARD = "gnu++14";
				CLANG_CXX_LIBRARY = "libc++";
				CLANG_ENABLE_MODULES = YES;
				CLANG_ENABLE_OBJC_ARC = YES;
				CLANG_ENABLE_OBJC_WEAK = YES;
				CLANG_WARN_BLOCK_CAPTURE_AUTORELEASING = YES;
				CLANG_WARN_BOOL_CONVERSION = YES;
				CLANG_WARN_COMMA = YES;
				CLANG_WARN_CONSTANT_CONVERSION = YES;
				CLANG_WARN_DEPRECATED_OBJC_IMPLEMENTATIONS = YES;
				CLANG_WARN_DIRECT_OBJC_ISA_USAGE = YES_ERROR;
				CLANG_WARN_DOCUMENTATION_COMMENTS = YES;
				CLANG_WARN_EMPTY_BODY = YES;
				CLANG_WARN_ENUM_CONVERSION = YES;
				CLANG_WARN_INFINITE_RECURSION = YES;
				CLANG_WARN_INT_CONVERSION = YES;
				CLANG_WARN_NON_LITERAL_NULL_CONVERSION = YES;
				CLANG_WARN_OBJC_IMPLICIT_RETAIN_SELF = YES;
				CLANG_WARN_OBJC_LITERAL_CONVERSION = YES;
				CLANG_WARN_OBJC_ROOT_CLASS = YES_ERROR;
				CLANG_WARN_RANGE_LOOP_ANALYSIS = YES;
				CLANG_WARN_STRICT_PROTOTYPES = YES;
				CLANG_WARN_SUSPICIOUS_MOVE = YES;
				CLANG_WARN_UNGUARDED_AVAILABILITY = YES_AGGRESSIVE;
				CLANG_WARN_UNREACHABLE_CODE = YES;
				CLANG_WARN__DUPLICATE_METHOD_MATCH = YES;
				COPY_PHASE_STRIP = NO;
				DEBUG_INFORMATION_FORMAT = dwarf;
				ENABLE_STRICT_OBJC_MSGSEND = YES;
				ENABLE_TESTABILITY = YES;
				GCC_C_LANGUAGE_STANDARD = gnu11;
				GCC_DYNAMIC_NO_PIC = NO;
				GCC_NO_COMMON_BLOCKS = YES;
				GCC_OPTIMIZATION_LEVEL = 0;
				GCC_PREPROCESSOR_DEFINITIONS = (
					"DEBUG=1",
					"$(inherited)",
				);
				GCC_WARN_64_TO_32_BIT_CONVERSION = YES;
				GCC_WARN_ABOUT_RETURN_TYPE = YES_ERROR;
				GCC_WARN_UNDECLARED_SELECTOR = YES;
				GCC_WARN_UNINITIALIZED_AUTOS = YES_AGGRESSIVE;
				GCC_WARN_UNUSED_FUNCTION = YES;
				GCC_WARN_UNUSED_VARIABLE = YES;
				IPHONEOS_DEPLOYMENT_TARGET = 13.6;
				MTL_ENABLE_DEBUG_INFO = INCLUDE_SOURCE;
				MTL_FAST_MATH = YES;
				ONLY_ACTIVE_ARCH = YES;
				SDKROOT = iphoneos;
				SWIFT_ACTIVE_COMPILATION_CONDITIONS = DEBUG;
				SWIFT_COMPILATION_MODE = wholemodule;
				SWIFT_OPTIMIZATION_LEVEL = "-Onone";
			};
			name = Debug;
		};
		6A83519524DBBF0800DB1615 /* Release */ = {
			isa = XCBuildConfiguration;
			buildSettings = {
				ALWAYS_SEARCH_USER_PATHS = NO;
				CLANG_ANALYZER_NONNULL = YES;
				CLANG_ANALYZER_NUMBER_OBJECT_CONVERSION = YES_AGGRESSIVE;
				CLANG_CXX_LANGUAGE_STANDARD = "gnu++14";
				CLANG_CXX_LIBRARY = "libc++";
				CLANG_ENABLE_MODULES = YES;
				CLANG_ENABLE_OBJC_ARC = YES;
				CLANG_ENABLE_OBJC_WEAK = YES;
				CLANG_WARN_BLOCK_CAPTURE_AUTORELEASING = YES;
				CLANG_WARN_BOOL_CONVERSION = YES;
				CLANG_WARN_COMMA = YES;
				CLANG_WARN_CONSTANT_CONVERSION = YES;
				CLANG_WARN_DEPRECATED_OBJC_IMPLEMENTATIONS = YES;
				CLANG_WARN_DIRECT_OBJC_ISA_USAGE = YES_ERROR;
				CLANG_WARN_DOCUMENTATION_COMMENTS = YES;
				CLANG_WARN_EMPTY_BODY = YES;
				CLANG_WARN_ENUM_CONVERSION = YES;
				CLANG_WARN_INFINITE_RECURSION = YES;
				CLANG_WARN_INT_CONVERSION = YES;
				CLANG_WARN_NON_LITERAL_NULL_CONVERSION = YES;
				CLANG_WARN_OBJC_IMPLICIT_RETAIN_SELF = YES;
				CLANG_WARN_OBJC_LITERAL_CONVERSION = YES;
				CLANG_WARN_OBJC_ROOT_CLASS = YES_ERROR;
				CLANG_WARN_RANGE_LOOP_ANALYSIS = YES;
				CLANG_WARN_STRICT_PROTOTYPES = YES;
				CLANG_WARN_SUSPICIOUS_MOVE = YES;
				CLANG_WARN_UNGUARDED_AVAILABILITY = YES_AGGRESSIVE;
				CLANG_WARN_UNREACHABLE_CODE = YES;
				CLANG_WARN__DUPLICATE_METHOD_MATCH = YES;
				COPY_PHASE_STRIP = NO;
				DEBUG_INFORMATION_FORMAT = "dwarf-with-dsym";
				ENABLE_NS_ASSERTIONS = NO;
				ENABLE_STRICT_OBJC_MSGSEND = YES;
				GCC_C_LANGUAGE_STANDARD = gnu11;
				GCC_NO_COMMON_BLOCKS = YES;
				GCC_WARN_64_TO_32_BIT_CONVERSION = YES;
				GCC_WARN_ABOUT_RETURN_TYPE = YES_ERROR;
				GCC_WARN_UNDECLARED_SELECTOR = YES;
				GCC_WARN_UNINITIALIZED_AUTOS = YES_AGGRESSIVE;
				GCC_WARN_UNUSED_FUNCTION = YES;
				GCC_WARN_UNUSED_VARIABLE = YES;
				IPHONEOS_DEPLOYMENT_TARGET = 13.6;
				MTL_ENABLE_DEBUG_INFO = NO;
				MTL_FAST_MATH = YES;
				SDKROOT = iphoneos;
				SWIFT_COMPILATION_MODE = wholemodule;
				SWIFT_OPTIMIZATION_LEVEL = "-O";
				VALIDATE_PRODUCT = YES;
			};
			name = Release;
		};
		6A83519724DBBF0800DB1615 /* Debug */ = {
			isa = XCBuildConfiguration;
			baseConfigurationReference = 271B9EFF7F5FE5CCC64C3926 /* Pods-GehaSajang.debug.xcconfig */;
			buildSettings = {
				ASSETCATALOG_COMPILER_APPICON_NAME = AppIcon;
				CODE_SIGN_STYLE = Automatic;
				DEVELOPMENT_TEAM = 93A6S4WHC4;
				INFOPLIST_FILE = AppComposition/Info.plist;
				LD_RUNPATH_SEARCH_PATHS = (
					"$(inherited)",
					"@executable_path/Frameworks",
				);
				PRODUCT_BUNDLE_IDENTIFIER = "-.GehaSajang";
				PRODUCT_NAME = "$(TARGET_NAME)";
				SWIFT_VERSION = 5.0;
				TARGETED_DEVICE_FAMILY = "1,2";
			};
			name = Debug;
		};
		6A83519824DBBF0800DB1615 /* Release */ = {
			isa = XCBuildConfiguration;
			baseConfigurationReference = 4BDEF0D2A2150747D92D88AC /* Pods-GehaSajang.release.xcconfig */;
			buildSettings = {
				ASSETCATALOG_COMPILER_APPICON_NAME = AppIcon;
				CODE_SIGN_STYLE = Automatic;
				DEVELOPMENT_TEAM = 93A6S4WHC4;
				INFOPLIST_FILE = AppComposition/Info.plist;
				LD_RUNPATH_SEARCH_PATHS = (
					"$(inherited)",
					"@executable_path/Frameworks",
				);
				PRODUCT_BUNDLE_IDENTIFIER = "-.GehaSajang";
				PRODUCT_NAME = "$(TARGET_NAME)";
				SWIFT_VERSION = 5.0;
				TARGETED_DEVICE_FAMILY = "1,2";
			};
			name = Release;
		};
		6A83519A24DBBF0800DB1615 /* Debug */ = {
			isa = XCBuildConfiguration;
			buildSettings = {
				ALWAYS_EMBED_SWIFT_STANDARD_LIBRARIES = YES;
				BUNDLE_LOADER = "$(TEST_HOST)";
				CODE_SIGN_STYLE = Automatic;
				DEVELOPMENT_TEAM = 93A6S4WHC4;
				INFOPLIST_FILE = GehaSajangTests/Info.plist;
				IPHONEOS_DEPLOYMENT_TARGET = 13.6;
				LD_RUNPATH_SEARCH_PATHS = (
					"$(inherited)",
					"@executable_path/Frameworks",
					"@loader_path/Frameworks",
				);
				PRODUCT_BUNDLE_IDENTIFIER = "-.GehaSajangTests";
				PRODUCT_NAME = "$(TARGET_NAME)";
				SWIFT_VERSION = 5.0;
				TARGETED_DEVICE_FAMILY = "1,2";
				TEST_HOST = "$(BUILT_PRODUCTS_DIR)/GehaSajang.app/GehaSajang";
			};
			name = Debug;
		};
		6A83519B24DBBF0800DB1615 /* Release */ = {
			isa = XCBuildConfiguration;
			buildSettings = {
				ALWAYS_EMBED_SWIFT_STANDARD_LIBRARIES = YES;
				BUNDLE_LOADER = "$(TEST_HOST)";
				CODE_SIGN_STYLE = Automatic;
				DEVELOPMENT_TEAM = 93A6S4WHC4;
				INFOPLIST_FILE = GehaSajangTests/Info.plist;
				IPHONEOS_DEPLOYMENT_TARGET = 13.6;
				LD_RUNPATH_SEARCH_PATHS = (
					"$(inherited)",
					"@executable_path/Frameworks",
					"@loader_path/Frameworks",
				);
				PRODUCT_BUNDLE_IDENTIFIER = "-.GehaSajangTests";
				PRODUCT_NAME = "$(TARGET_NAME)";
				SWIFT_VERSION = 5.0;
				TARGETED_DEVICE_FAMILY = "1,2";
				TEST_HOST = "$(BUILT_PRODUCTS_DIR)/GehaSajang.app/GehaSajang";
			};
			name = Release;
		};
/* End XCBuildConfiguration section */

/* Begin XCConfigurationList section */
		6A83516F24DBBF0700DB1615 /* Build configuration list for PBXProject "GehaSajang" */ = {
			isa = XCConfigurationList;
			buildConfigurations = (
				6A83519424DBBF0800DB1615 /* Debug */,
				6A83519524DBBF0800DB1615 /* Release */,
			);
			defaultConfigurationIsVisible = 0;
			defaultConfigurationName = Release;
		};
		6A83519624DBBF0800DB1615 /* Build configuration list for PBXNativeTarget "GehaSajang" */ = {
			isa = XCConfigurationList;
			buildConfigurations = (
				6A83519724DBBF0800DB1615 /* Debug */,
				6A83519824DBBF0800DB1615 /* Release */,
			);
			defaultConfigurationIsVisible = 0;
			defaultConfigurationName = Release;
		};
		6A83519924DBBF0800DB1615 /* Build configuration list for PBXNativeTarget "GehaSajangTests" */ = {
			isa = XCConfigurationList;
			buildConfigurations = (
				6A83519A24DBBF0800DB1615 /* Debug */,
				6A83519B24DBBF0800DB1615 /* Release */,
			);
			defaultConfigurationIsVisible = 0;
			defaultConfigurationName = Release;
		};
/* End XCConfigurationList section */

/* Begin XCVersionGroup section */
		6A83518024DBBF0700DB1615 /* GehaSajang.xcdatamodeld */ = {
			isa = XCVersionGroup;
			children = (
				6A83518124DBBF0700DB1615 /* GehaSajang.xcdatamodel */,
			);
			currentVersion = 6A83518124DBBF0700DB1615 /* GehaSajang.xcdatamodel */;
			path = GehaSajang.xcdatamodeld;
			sourceTree = "<group>";
			versionGroupType = wrapper.xcdatamodel;
		};
/* End XCVersionGroup section */
	};
	rootObject = 6A83516C24DBBF0700DB1615 /* Project object */;
}
